#MicroXplorer Configuration settings - do not modify
CAD.formats=
CAD.pinconfig=
CAD.provider=
CORTEX_M33_NS.userName=CORTEX_M33
File.Version=6
GPDMA1.BLKHWREQUEST_GPDMACH3-SIMPLEREQUEST_GPDMACH3=DMA_BREQ_BLOCK
GPDMA1.BLKHWREQUEST_GPDMACH4-SIMPLEREQUEST_GPDMACH4=DMA_BREQ_BLOCK
GPDMA1.BLKHWREQUEST_GPDMACH5-SIMPLEREQUEST_GPDMACH5=DMA_BREQ_BLOCK
GPDMA1.DESTDATAWIDTH_GPDMACH3=DMA_DEST_DATAWIDTH_HALFWORD
GPDMA1.DESTINC_GPDMACH4=DMA_DINC_INCREMENTED
GPDMA1.DIRECTION_GPDMACH2=DMA_MEMORY_TO_PERIPH
GPDMA1.DIRECTION_GPDMACH3=DMA_MEMORY_TO_PERIPH
GPDMA1.DIRECTION_GPDMACH4=DMA_PERIPH_TO_MEMORY
GPDMA1.DIRECTION_GPDMACH5=DMA_MEMORY_TO_PERIPH
GPDMA1.DMAHANDLE_GPDMACH3=hdmatx
GPDMA1.IPHANDLE_GPDMACH2-SIMPLEREQUEST_GPDMACH2=__NULL
GPDMA1.IPHANDLE_GPDMACH3-SIMPLEREQUEST_GPDMACH3=__NULL
GPDMA1.IPHANDLE_GPDMACH4-SIMPLEREQUEST_GPDMACH4=__NULL
GPDMA1.IPHANDLE_GPDMACH5-SIMPLEREQUEST_GPDMACH5=__NULL
GPDMA1.IPParameters=REQUEST_GPDMACH2,DIRECTION_GPDMACH2,SRCINC_GPDMACH2,PRIORITY_GPDMACH2,REQUEST_GPDMACH3,DMAHANDLE_GPDMACH3,DIRECTION_GPDMACH3,PRIORITY_GPDMACH3,SRCINC_GPDMACH3,SRCDATAWIDTH_GPDMACH3,DESTDATAWIDTH_GPDMACH3,REQUEST_GPDMACH4,PRIORITY_GPDMACH4,DIRECTION_GPDMACH4,DESTINC_GPDMACH4,REQUEST_GPDMACH5,DIRECTION_GPDMACH5,PRIORITY_GPDMACH5,SRCINC_GPDMACH5,IPHANDLE_GPDMACH5-SIMPLEREQUEST_GPDMACH5,BLKHWREQUEST_GPDMACH5-SIMPLEREQUEST_GPDMACH5,IPHANDLE_GPDMACH4-SIMPLEREQUEST_GPDMACH4,BLKHWREQUEST_GPDMACH4-SIMPLEREQUEST_GPDMACH4,IPHANDLE_GPDMACH3-SIMPLEREQUEST_GPDMACH3,BLKHWREQUEST_GPDMACH3-SIMPLEREQUEST_GPDMACH3,IPHANDLE_GPDMACH2-SIMPLEREQUEST_GPDMACH2
GPDMA1.PRIORITY_GPDMACH2=DMA_LOW_PRIORITY_MID_WEIGHT
GPDMA1.PRIORITY_GPDMACH3=DMA_HIGH_PRIORITY
GPDMA1.PRIORITY_GPDMACH4=DMA_LOW_PRIORITY_HIGH_WEIGHT
GPDMA1.PRIORITY_GPDMACH5=DMA_LOW_PRIORITY_HIGH_WEIGHT
GPDMA1.REQUEST_GPDMACH2=GPDMA1_REQUEST_USART1_TX
GPDMA1.REQUEST_GPDMACH3=GPDMA1_REQUEST_SAI1_A
GPDMA1.REQUEST_GPDMACH4=GPDMA1_REQUEST_OCTOSPI1
GPDMA1.REQUEST_GPDMACH5=GPDMA1_REQUEST_OCTOSPI1
GPDMA1.SRCDATAWIDTH_GPDMACH3=DMA_SRC_DATAWIDTH_HALFWORD
GPDMA1.SRCINC_GPDMACH2=DMA_SINC_INCREMENTED
GPDMA1.SRCINC_GPDMACH3=DMA_SINC_INCREMENTED
GPDMA1.SRCINC_GPDMACH5=DMA_SINC_INCREMENTED
GPIO.groupedBy=Group By Peripherals
I2C3.IPParameters=Timing
I2C3.Timing=0x00000E14
KeepUserPlacement=false
LPDMA1.DIRECTION_LPDMACH0=DMA_MEMORY_TO_PERIPH
LPDMA1.IPHANDLE_LPDMACH0-SIMPLEREQUEST_LPDMACH0=__NULL
LPDMA1.IPParameters=IPHANDLE_LPDMACH0-SIMPLEREQUEST_LPDMACH0,REQUEST_LPDMACH0,DIRECTION_LPDMACH0,PRIORITY_LPDMACH0
LPDMA1.PRIORITY_LPDMACH0=DMA_LOW_PRIORITY_HIGH_WEIGHT
LPDMA1.REQUEST_LPDMACH0=LPDMA1_REQUEST_SPI3_TX
LPUART1.BaudRate=9600
LPUART1.IPParameters=BaudRate
MMTAppReg1.MEMORYMAP.AP=RW_priv_only
MMTAppReg1.MEMORYMAP.AppRegionName=RAM
MMTAppReg1.MEMORYMAP.ContextName=CortexM33
MMTAppReg1.MEMORYMAP.CoreName=ARM Cortex-M33
MMTAppReg1.MEMORYMAP.DefaultDataRegion=true
MMTAppReg1.MEMORYMAP.IPParameters=StartAddress,Size,CoreName,DefaultDataRegion,ContextName,Name,AP
MMTAppReg1.MEMORYMAP.Name=RAM
MMTAppReg1.MEMORYMAP.Size=786432
MMTAppReg1.MEMORYMAP.StartAddress=0x20000000
MMTAppReg2.MEMORYMAP.AppRegionName=RAM Reserved Alias Region
MMTAppReg2.MEMORYMAP.CoreName=ARM Cortex-M33
MMTAppReg2.MEMORYMAP.DefaultDataRegion=false
MMTAppReg2.MEMORYMAP.IPParameters=StartAddress,Size,CoreName,DefaultDataRegion,ReservedRegion,Name
MMTAppReg2.MEMORYMAP.Name=RAM Reserved Alias Region
MMTAppReg2.MEMORYMAP.ReservedRegion=true
MMTAppReg2.MEMORYMAP.Size=786432
MMTAppReg2.MEMORYMAP.StartAddress=0x0A000000
MMTAppReg3.MEMORYMAP.AP=RO_priv_only
MMTAppReg3.MEMORYMAP.AppRegionName=FLASH
MMTAppReg3.MEMORYMAP.Cacheability=WTRA
MMTAppReg3.MEMORYMAP.ContextName=CortexM33
MMTAppReg3.MEMORYMAP.CoreName=ARM Cortex-M33
MMTAppReg3.MEMORYMAP.DefaultCodeRegion=true
MMTAppReg3.MEMORYMAP.DefaultDataRegion=false
MMTAppReg3.MEMORYMAP.IPParameters=StartAddress,Size,CoreName,DefaultDataRegion,MemType,ContextName,Name,AP,Cacheability,DefaultCodeRegion
MMTAppReg3.MEMORYMAP.MemType=ROM
MMTAppReg3.MEMORYMAP.Name=FLASH
MMTAppReg3.MEMORYMAP.Size=2097152
MMTAppReg3.MEMORYMAP.StartAddress=0x08000000
MMTAppRegionsCount=3
MMTConfigApplied=false
Mcu.CPN=STM32U575RIT6
Mcu.ContextProject=TrustZoneDisabled
Mcu.Family=STM32U5
Mcu.IP0=CORTEX_M33_NS
Mcu.IP1=DEBUG
Mcu.IP10=NVIC
Mcu.IP11=OCTOSPI1
Mcu.IP12=PWR
Mcu.IP13=RCC
Mcu.IP14=RTC
Mcu.IP15=SAI1
Mcu.IP16=SPI3
Mcu.IP17=SYS
Mcu.IP18=USART1
Mcu.IP2=GPDMA1
Mcu.IP3=I2C3
Mcu.IP4=ICACHE
Mcu.IP5=LPBAM
Mcu.IP6=LPBAMQUEUE
Mcu.IP7=LPDMA1
Mcu.IP8=LPUART1
Mcu.IP9=MEMORYMAP
Mcu.IPNb=19
Mcu.Name=STM32U575RITx
Mcu.Package=LQFP64
Mcu.Pin0=PC13
Mcu.Pin1=PC14-OSC32_IN (PC14)
Mcu.Pin10=PA4
Mcu.Pin11=PA6
Mcu.Pin12=PA7
Mcu.Pin13=PC4
Mcu.Pin14=PB0
Mcu.Pin15=PB1
Mcu.Pin16=PB10
Mcu.Pin17=PB13
Mcu.Pin18=PB14
Mcu.Pin19=PB15
Mcu.Pin2=PC0
Mcu.Pin20=PC6
Mcu.Pin21=PC9
Mcu.Pin22=PA8
Mcu.Pin23=PA9
Mcu.Pin24=PA10
Mcu.Pin25=PA13 (JTMS/SWDIO)
Mcu.Pin26=PA14 (JTCK/SWCLK)
Mcu.Pin27=PC10
Mcu.Pin28=PC11
Mcu.Pin29=PC12
Mcu.Pin3=PC1
Mcu.Pin30=PD2
Mcu.Pin31=PB6
Mcu.Pin32=PB7
Mcu.Pin33=PH3-BOOT0
Mcu.Pin34=PB8
Mcu.Pin35=PB9
Mcu.Pin36=VP_GPDMA1_VS_GPDMACH2
Mcu.Pin37=VP_GPDMA1_VS_GPDMACH3
Mcu.Pin38=VP_GPDMA1_VS_GPDMACH4
Mcu.Pin39=VP_GPDMA1_VS_GPDMACH5
Mcu.Pin4=PC2
Mcu.Pin40=VP_ICACHE_VS_ICACHE
Mcu.Pin41=VP_LPBAMQUEUE_VS_QUEUE
Mcu.Pin42=VP_LPDMA1_VS_LPDMACH0
Mcu.Pin43=VP_OCTOSPI1_VS_quad
Mcu.Pin44=VP_PWR_VS_SECSignals
Mcu.Pin45=VP_PWR_VS_LPOM
Mcu.Pin46=VP_RTC_VS_RTC_Activate
Mcu.Pin47=VP_RTC_VS_RTC_Calendar
Mcu.Pin48=VP_RTC_VS_RTC_WakeUp_intern
Mcu.Pin49=VP_SAI1_VP_$IpInstance_SAIA_SAI_BASIC
Mcu.Pin5=PC3
Mcu.Pin50=VP_SYS_VS_tim6
Mcu.Pin51=VP_LPBAM_VS_SIG1
Mcu.Pin52=VP_LPBAM_VS_SIG4
Mcu.Pin53=VP_MEMORYMAP_VS_MEMORYMAP
Mcu.Pin54=VP_STMicroelectronics.X-CUBE-FREERTOS_VS_CMSISJjRTOS2_10.5.1_1.2.0
Mcu.Pin6=PA0
Mcu.Pin7=PA1
Mcu.Pin8=PA2
Mcu.Pin9=PA3
Mcu.PinsNb=55
Mcu.ThirdParty0=STMicroelectronics.X-CUBE-FREERTOS.1.2.0
Mcu.ThirdPartyNb=1
Mcu.UserConstants=
Mcu.UserName=STM32U575RITx
MxCube.Version=6.12.1
MxDb.Version=DB.6.0.121
NVIC.BusFault_IRQn=true\:0\:0\:false\:false\:true\:false\:false\:false\:false
NVIC.DebugMonitor_IRQn=true\:0\:0\:false\:false\:true\:false\:false\:false\:false
NVIC.EXTI13_IRQn=true\:5\:0\:false\:false\:true\:true\:true\:true\:true
NVIC.EXTI14_IRQn=true\:5\:0\:false\:false\:true\:true\:true\:true\:true
NVIC.EXTI15_IRQn=true\:5\:0\:false\:false\:true\:true\:true\:true\:true
NVIC.EXTI1_IRQn=true\:5\:0\:false\:false\:true\:true\:true\:true\:true
NVIC.EXTI2_IRQn=true\:5\:0\:false\:false\:true\:true\:true\:true\:true
NVIC.EXTI3_IRQn=true\:5\:0\:false\:false\:true\:true\:true\:true\:true
NVIC.EXTI6_IRQn=true\:5\:0\:false\:false\:true\:true\:true\:true\:true
NVIC.EXTI8_IRQn=true\:5\:0\:false\:false\:true\:true\:true\:true\:true
NVIC.EXTI9_IRQn=true\:5\:0\:false\:false\:true\:true\:true\:true\:true
NVIC.ForceEnableDMAVector=true
NVIC.GPDMA1_Channel2_IRQn=true\:5\:0\:false\:false\:true\:true\:false\:true\:true
NVIC.GPDMA1_Channel3_IRQn=true\:5\:0\:false\:false\:true\:true\:false\:true\:true
NVIC.GPDMA1_Channel4_IRQn=true\:5\:0\:false\:false\:true\:true\:false\:true\:true
NVIC.GPDMA1_Channel5_IRQn=true\:5\:0\:false\:false\:true\:true\:false\:true\:true
NVIC.HardFault_IRQn=true\:0\:0\:false\:false\:true\:false\:false\:false\:false
NVIC.LPDMA1_Channel0_IRQn=true\:5\:0\:false\:false\:true\:true\:true\:true\:true
NVIC.LPUART1_IRQn=true\:5\:0\:false\:false\:true\:true\:true\:true\:true
NVIC.MemoryManagement_IRQn=true\:0\:0\:false\:false\:true\:false\:false\:false\:false
NVIC.NonMaskableInt_IRQn=true\:0\:0\:false\:false\:true\:false\:false\:false\:false
NVIC.PendSV_IRQn=true\:15\:0\:false\:false\:false\:true\:false\:false\:false
NVIC.PriorityGroup=NVIC_PRIORITYGROUP_4
NVIC.RTC_IRQn=true\:5\:0\:false\:false\:true\:true\:true\:true\:true
NVIC.SAI1_IRQn=true\:5\:0\:false\:false\:true\:true\:true\:true\:true
NVIC.SPI3_IRQn=true\:5\:0\:false\:false\:true\:true\:true\:true\:true
NVIC.SVCall_IRQn=true\:0\:0\:false\:false\:false\:false\:false\:false\:false
NVIC.SavedPendsvIrqHandlerGenerated=true
NVIC.SavedSvcallIrqHandlerGenerated=true
NVIC.SavedSystickIrqHandlerGenerated=true
NVIC.SysTick_IRQn=true\:15\:0\:false\:false\:false\:true\:false\:true\:false
NVIC.TIM6_IRQn=true\:15\:0\:false\:false\:true\:false\:false\:true\:true
NVIC.TimeBase=TIM6_IRQn
NVIC.TimeBaseIP=TIM6
NVIC.USART1_IRQn=true\:5\:0\:false\:false\:true\:true\:true\:true\:true
NVIC.UsageFault_IRQn=true\:0\:0\:false\:false\:true\:false\:false\:false\:false
OCTOSPI1.ChipSelectHighTime=2
OCTOSPI1.ClockPrescaler=8
OCTOSPI1.DeviceSize=24
OCTOSPI1.IPParameters=DeviceSize,ClockPrescaler,ChipSelectHighTime
PA0.GPIOParameters=PinAttribute
PA0.Mode=OCTOSPI1_Port2_NCS
PA0.PinAttribute=Free
PA0.Signal=OCTOSPIM_P2_NCS
PA1.GPIOParameters=GPIO_Label,GPIO_ModeDefaultEXTI,PinAttribute
PA1.GPIO_Label=BTN_A
PA1.GPIO_ModeDefaultEXTI=GPIO_MODE_IT_RISING_FALLING
PA1.Locked=true
PA1.PinAttribute=Free
PA1.Signal=GPXTI1
PA10.Locked=true
PA10.Mode=SAI_A_Master
PA10.Signal=SAI1_SD_A
PA13\ (JTMS/SWDIO).Mode=Serial_Wire
PA13\ (JTMS/SWDIO).Signal=DEBUG_JTMS-SWDIO
PA14\ (JTCK/SWCLK).Mode=Serial_Wire
PA14\ (JTCK/SWCLK).Signal=DEBUG_JTCK-SWCLK
PA2.GPIOParameters=PinAttribute
PA2.Mode=Asynchronous
PA2.PinAttribute=Free
PA2.Signal=LPUART1_TX
PA3.GPIOParameters=PinAttribute
PA3.Mode=Asynchronous
PA3.PinAttribute=Free
PA3.Signal=LPUART1_RX
PA4.GPIOParameters=PinState,GPIO_Label,PinAttribute
PA4.GPIO_Label=VLT_E5
PA4.Locked=true
PA4.PinAttribute=Free
PA4.PinState=GPIO_PIN_SET
PA4.Signal=GPIO_Output
PA6.GPIOParameters=PinAttribute
PA6.Mode=OCTOSPI1_IOL_Port1L
PA6.PinAttribute=Free
PA6.Signal=OCTOSPIM_P1_IO3
PA7.GPIOParameters=PinAttribute
PA7.Mode=OCTOSPI1_IOL_Port1L
PA7.PinAttribute=
PA7.Signal=OCTOSPIM_P1_IO2
PA8.Mode=SAI_A_Master
PA8.Signal=SAI1_SCK_A
PA9.Mode=SAI_A_Master
PA9.Signal=SAI1_FS_A
PB0.Mode=OCTOSPI1_IOL_Port1L
PB0.Signal=OCTOSPIM_P1_IO1
PB1.Mode=OCTOSPI1_IOL_Port1L
PB1.Signal=OCTOSPIM_P1_IO0
PB10.Mode=O1_P1_CLK
PB10.Signal=OCTOSPIM_P1_CLK
PB13.GPIOParameters=GPIO_Label
PB13.GPIO_Label=LIS2DUX_INT2
PB13.Locked=true
PB13.Signal=GPXTI13
PB14.GPIOParameters=GPIO_Label
PB14.GPIO_Label=LIS2DUX_INT1
PB14.Locked=true
PB14.Signal=GPXTI14
PB15.GPIOParameters=GPIO_Label
PB15.GPIO_Label=ADP5360_INT
PB15.Locked=true
PB15.Signal=GPXTI15
PB6.Mode=Asynchronous
PB6.Signal=USART1_TX
PB7.Mode=Asynchronous
PB7.Signal=USART1_RX
PB8.GPIOParameters=GPIO_Label,GPIO_ModeDefaultEXTI
PB8.GPIO_Label=BTN_L
PB8.GPIO_ModeDefaultEXTI=GPIO_MODE_IT_RISING_FALLING
PB8.Signal=GPXTI8
PB9.GPIOParameters=GPIO_Label,GPIO_ModeDefaultEXTI
PB9.GPIO_Label=BTN_R
PB9.GPIO_ModeDefaultEXTI=GPIO_MODE_IT_RISING_FALLING
PB9.Signal=GPXTI9
PC0.GPIOParameters=PinAttribute
PC0.Mode=I2C
PC0.PinAttribute=Free
PC0.Signal=I2C3_SCL
PC1.GPIOParameters=PinAttribute
PC1.Mode=I2C
PC1.PinAttribute=Free
PC1.Signal=I2C3_SDA
PC10.Mode=Simplex_Bidirectional_Master
PC10.Signal=SPI3_SCK
PC11.GPIOParameters=PinState,GPIO_Label
PC11.GPIO_Label=VLT_LCD
PC11.PinState=GPIO_PIN_SET
PC11.Signal=GPIO_Output
PC12.Mode=Simplex_Bidirectional_Master
PC12.Signal=SPI3_MOSI
PC13.GPIOParameters=PinAttribute
PC13.Mode=Calibration_1Hz
PC13.PinAttribute=Free
PC13.Signal=RTC_OUT1
PC14-OSC32_IN\ (PC14).GPIOParameters=PinAttribute
PC14-OSC32_IN\ (PC14).Mode=LSE-External-Clock-Source
PC14-OSC32_IN\ (PC14).PinAttribute=Free
PC14-OSC32_IN\ (PC14).Signal=RCC_OSC32_IN
PC2.GPIOParameters=GPIO_Label,GPIO_ModeDefaultEXTI,PinAttribute
PC2.GPIO_Label=BTN_B
PC2.GPIO_ModeDefaultEXTI=GPIO_MODE_IT_RISING_FALLING
PC2.Locked=true
PC2.PinAttribute=Free
PC2.Signal=GPXTI2
PC3.GPIOParameters=PinState,GPIO_Label,PinAttribute
PC3.GPIO_Label=E5_RST
PC3.Locked=true
PC3.PinAttribute=Free
PC3.PinState=GPIO_PIN_SET
PC3.Signal=GPIO_Output
PC4.GPIOParameters=GPIO_Label
PC4.GPIO_Label=E5_BOOT
PC4.Locked=true
PC4.Signal=GPIO_Output
PC6.GPIOParameters=GPIO_Label
PC6.GPIO_Label=TMAG5273_INT
PC6.Locked=true
PC6.Signal=GPXTI6
PC9.GPIOParameters=GPIO_Label
PC9.GPIO_Label=SD_MODE
PC9.Locked=true
PC9.Signal=GPIO_Output
PD2.GPIOParameters=GPIO_Label
PD2.GPIO_Label=SPI3_CS
PD2.Signal=GPIO_Output
PH3-BOOT0.GPIOParameters=GPIO_Label,GPIO_ModeDefaultEXTI
PH3-BOOT0.GPIO_Label=BTN_BOOT
PH3-BOOT0.GPIO_ModeDefaultEXTI=GPIO_MODE_IT_RISING_FALLING
PH3-BOOT0.Locked=true
PH3-BOOT0.Signal=GPXTI3
PWR.DMA2DPowerDownInStopMode=PWR_DMA2DRAM_FULL_STOP_RETENTION
PWR.IPParameters=PKA32RAMPowerDownInStopMode,PeriphPowerDownInStopMode,DMA2DPowerDownInStopMode
PWR.PKA32RAMPowerDownInStopMode=PWR_PKA32RAM_FULL_STOP_RETENTION
PWR.PeriphPowerDownInStopMode=__NULL
PinOutPanel.RotationAngle=0
ProjectManager.AskForMigrate=true
ProjectManager.BackupPrevious=false
ProjectManager.CompilerOptimize=6
ProjectManager.ComputerToolchain=false
ProjectManager.CoupleFile=false
ProjectManager.CustomerFirmwarePackage=
ProjectManager.DefaultFWLocation=true
ProjectManager.DeletePrevious=true
ProjectManager.DeviceId=STM32U575RITx
ProjectManager.FirmwarePackage=STM32Cube FW_U5 V1.6.0
ProjectManager.FreePins=false
ProjectManager.HalAssertFull=false
ProjectManager.HeapSize=0x1000
ProjectManager.KeepUserCode=true
ProjectManager.LPBAM.generateCode=
ProjectManager.LastFirmware=true
ProjectManager.LibraryCopy=0
ProjectManager.MainLocation=Core/Src
ProjectManager.NoMain=false
ProjectManager.PreviousToolchain=
ProjectManager.ProjectBuild=false
ProjectManager.ProjectFileName=PeepShow.ioc
ProjectManager.ProjectName=PeepShow
ProjectManager.ProjectStructure=
ProjectManager.RegisterCallBack=
ProjectManager.StackSize=0x1000
ProjectManager.TargetToolchain=CMake
ProjectManager.ToolChainLocation=
ProjectManager.UAScriptAfterPath=
ProjectManager.UAScriptBeforePath=
ProjectManager.UnderRoot=false
ProjectManager.functionlistsort=1-SystemClock_Config-RCC-false-HAL-false,2-MX_GPIO_Init-GPIO-false-HAL-true,3-MX_GPDMA1_Init-GPDMA1-false-HAL-true,4-MX_LPDMA1_Init-LPDMA1-false-HAL-true,5-MX_RTC_Init-RTC-false-HAL-true,6-MX_SPI3_Init-SPI3-false-HAL-true,7-MX_LPUART1_UART_Init-LPUART1-false-HAL-true,8-MX_I2C3_Init-I2C3-false-HAL-true,9-MX_OCTOSPI1_Init-OCTOSPI1-false-HAL-true,10-MX_SAI1_Init-SAI1-false-HAL-true,11-MX_USART1_UART_Init-USART1-false-HAL-true,12-MX_ICACHE_Init-ICACHE-false-HAL-true,0-MX_CORTEX_M33_NS_Init-CORTEX_M33_NS-false-HAL-true,0-MX_PWR_Init-PWR-false-HAL-true
RCC.ADCFreq_Value=16000000
RCC.ADF1Freq_Value=24000000
RCC.AHBFreq_Value=24000000
RCC.APB1Freq_Value=24000000
RCC.APB1TimFreq_Value=24000000
RCC.APB2Freq_Value=24000000
RCC.APB2TimFreq_Value=24000000
RCC.APB3CLKDivider=RCC_HCLK_DIV8
RCC.APB3Freq_Value=3000000
RCC.CK48Freq_Value=48000000
RCC.CRSFreq_Value=48000000
RCC.CortexFreq_Value=24000000
RCC.DACFreq_Value=32000
RCC.EPOD_VALUE=24000000
RCC.FCLKCortexFreq_Value=24000000
RCC.FDCANFreq_Value=80000000
RCC.FamilyName=M
RCC.HCLKFreq_Value=24000000
RCC.HSE_VALUE=16000000
RCC.HSI48_VALUE=48000000
RCC.HSI_VALUE=16000000
RCC.I2C1Freq_Value=24000000
RCC.I2C2Freq_Value=24000000
RCC.I2C3CLockSelection=RCC_I2C3CLKSOURCE_MSIK
RCC.I2C3Freq_Value=4000000
RCC.I2C4Freq_Value=24000000
RCC.IPParameters=ADCFreq_Value,ADF1Freq_Value,AHBFreq_Value,APB1Freq_Value,APB1TimFreq_Value,APB2Freq_Value,APB2TimFreq_Value,APB3CLKDivider,APB3Freq_Value,CK48Freq_Value,CRSFreq_Value,CortexFreq_Value,DACFreq_Value,EPOD_VALUE,FCLKCortexFreq_Value,FDCANFreq_Value,FamilyName,HCLKFreq_Value,HSE_VALUE,HSI48_VALUE,HSI_VALUE,I2C1Freq_Value,I2C2Freq_Value,I2C3CLockSelection,I2C3Freq_Value,I2C4Freq_Value,LPTIM2Freq_Value,LPUART1CLockSelectionVirtual,LPUART1Freq_Value,LSCOPinFreq_Value,LSE_VALUE,LSIDIV_VALUE,LSI_VALUE,MCO1PinFreq_Value,MDF1Freq_Value,MSIClockRange,MSIKERON,MSI_VALUE,OCTOSPIMCLockSelection,OCTOSPIMFreq_Value,PLL1P,PLL1R,PLL2FRACN,PLL2N,PLL2P,PLL2PoutputFreq_Value,PLL2Q,PLL2QoutputFreq_Value,PLL2RoutputFreq_Value,PLL2Source,PLL3FRACN,PLL3M,PLL3N,PLL3P,PLL3PoutputFreq_Value,PLL3QoutputFreq_Value,PLL3RoutputFreq_Value,PLLFRACN,PLLM,PLLN,PLLPoutputFreq_Value,PLLQoutputFreq_Value,PLLRCLKFreq_Value,RNGFreq_Value,RTCClockSelection,RTCFreq_Value,SAI1Freq_Value,SDMMCFreq_Value,SPI1Freq_Value,SPI2Freq_Value,SPI3CLockSelection,SPI3Freq_Value,SYSCLKFreq_VALUE,UART4Freq_Value,UART5Freq_Value,USART1CLockSelectionVirtual,USART1Freq_Value,USART2Freq_Value,USART3Freq_Value,USBFreq_Value,VCOInput2Freq_Value,VCOInput3Freq_Value,VCOInputFreq_Value,VCOOutputFreq_Value,VCOPLL2OutputFreq_Value,VCOPLL3OutputFreq_Value
RCC.LPTIM2Freq_Value=24000000
RCC.LPUART1CLockSelectionVirtual=RCC_LPUART1CLKSOURCE_LSE
RCC.LPUART1Freq_Value=32768
RCC.LSCOPinFreq_Value=32000
RCC.LSE_VALUE=32768
RCC.LSIDIV_VALUE=32000
RCC.LSI_VALUE=32000
RCC.MCO1PinFreq_Value=24000000
RCC.MDF1Freq_Value=24000000
RCC.MSIClockRange=RCC_MSIRANGE_1
RCC.MSIKERON=true
RCC.MSI_VALUE=24000000
RCC.OCTOSPIMCLockSelection=RCC_OSPICLKSOURCE_PLL2
RCC.OCTOSPIMFreq_Value=64000000
RCC.PLL1P=125
RCC.PLL1R=1
RCC.PLL2FRACN=0
RCC.PLL2N=32
RCC.PLL2P=125
RCC.PLL2PoutputFreq_Value=4096000
RCC.PLL2Q=8
RCC.PLL2QoutputFreq_Value=64000000
RCC.PLL2RoutputFreq_Value=256000000
RCC.PLL2Source=RCC_PLLSOURCE_HSI
RCC.PLL3FRACN=0
RCC.PLL3M=9
RCC.PLL3N=83
RCC.PLL3P=27
RCC.PLL3PoutputFreq_Value=8197530.86419753
RCC.PLL3QoutputFreq_Value=110666666.66666666
RCC.PLL3RoutputFreq_Value=110666666.66666666
RCC.PLLFRACN=0
RCC.PLLM=3
RCC.PLLN=20
RCC.PLLPoutputFreq_Value=1280000
RCC.PLLQoutputFreq_Value=80000000
RCC.PLLRCLKFreq_Value=160000000
RCC.RNGFreq_Value=48000000
RCC.RTCClockSelection=RCC_RTCCLKSOURCE_LSE
RCC.RTCFreq_Value=32768
RCC.SAI1Freq_Value=4096000
RCC.SDMMCFreq_Value=1280000
RCC.SPI1Freq_Value=24000000
RCC.SPI2Freq_Value=24000000
RCC.SPI3CLockSelection=RCC_SPI3CLKSOURCE_MSIK
RCC.SPI3Freq_Value=4000000
RCC.SYSCLKFreq_VALUE=24000000
RCC.UART4Freq_Value=24000000
RCC.UART5Freq_Value=24000000
RCC.USART1CLockSelectionVirtual=RCC_USART1CLKSOURCE_HSI
RCC.USART1Freq_Value=16000000
RCC.USART2Freq_Value=24000000
RCC.USART3Freq_Value=24000000
RCC.USBFreq_Value=48000000
RCC.VCOInput2Freq_Value=16000000
RCC.VCOInput3Freq_Value=2666666.6666666665
RCC.VCOInputFreq_Value=8000000
RCC.VCOOutputFreq_Value=160000000
RCC.VCOPLL2OutputFreq_Value=512000000
RCC.VCOPLL3OutputFreq_Value=221333333.3333333
SAI1.AudioFrequency-SAI_A_Master=SAI_AUDIO_FREQUENCY_16K
SAI1.ErrorAudioFreq-SAI_A_Master=45.22 %
SAI1.IPParameters=Instance-SAI_A_Master,VirtualMode-SAI_A_Master,MckOutput-SAI_A_Master,RealAudioFreq-SAI_A_Master,ErrorAudioFreq-SAI_A_Master,InitProtocol-SAI_A_Master,VirtualProtocol-SAI_A_BASIC,AudioFrequency-SAI_A_Master,NoDivider-SAI_A_Master,OutputDrive-SAI_A_Master
SAI1.InitProtocol-SAI_A_Master=Enable
SAI1.Instance-SAI_A_Master=SAI$Index_Block_A
SAI1.MckOutput-SAI_A_Master=SAI_MCK_OUTPUT_DISABLE
SAI1.NoDivider-SAI_A_Master=SAI_MASTERDIVIDER_DISABLE
SAI1.OutputDrive-SAI_A_Master=SAI_OUTPUTDRIVE_ENABLE
SAI1.RealAudioFreq-SAI_A_Master=16.0 KHz
SAI1.VirtualMode-SAI_A_Master=VM_MASTER
SAI1.VirtualProtocol-SAI_A_BASIC=VM_BASIC_PROTOCOL
SH.GPXTI1.0=GPIO_EXTI1
SH.GPXTI1.ConfNb=1
SH.GPXTI13.0=GPIO_EXTI13
SH.GPXTI13.ConfNb=1
SH.GPXTI14.0=GPIO_EXTI14
SH.GPXTI14.ConfNb=1
SH.GPXTI15.0=GPIO_EXTI15
SH.GPXTI15.ConfNb=1
SH.GPXTI2.0=GPIO_EXTI2
SH.GPXTI2.ConfNb=1
SH.GPXTI3.0=GPIO_EXTI3
SH.GPXTI3.ConfNb=1
SH.GPXTI6.0=GPIO_EXTI6
SH.GPXTI6.ConfNb=1
SH.GPXTI8.0=GPIO_EXTI8
SH.GPXTI8.ConfNb=1
SH.GPXTI9.0=GPIO_EXTI9
SH.GPXTI9.ConfNb=1
SPI3.BaudRatePrescaler=SPI_BAUDRATEPRESCALER_4
SPI3.CalculateBaudRate=1000.0 KBits/s
SPI3.Direction=SPI_DIRECTION_1LINE
SPI3.FirstBit=SPI_FIRSTBIT_MSB
SPI3.IPParameters=VirtualType,Mode,Direction,CalculateBaudRate,BaudRatePrescaler,FirstBit,TriggerState
SPI3.Mode=SPI_MODE_MASTER
SPI3.TriggerState=SPI_AUTO_MODE_DISABLE
SPI3.VirtualType=VM_MASTER
STMicroelectronics.X-CUBE-FREERTOS.1.2.0.CMSISJjRTOS2_Checked=true
STMicroelectronics.X-CUBE-FREERTOS.1.2.0.INCLUDE_pcTaskGetTaskName=1
STMicroelectronics.X-CUBE-FREERTOS.1.2.0.INCLUDE_xEventGroupSetBitFromISR=1
STMicroelectronics.X-CUBE-FREERTOS.1.2.0.IPParameters=RTOS2CcCMSISJjRTOS2JjCore,RTOS2CcCMSISJjRTOS2JjHeap,configUSE_TICKLESS_IDLE,configTOTAL_HEAP_SIZE,configUSE_MALLOC_FAILED_HOOK,configCHECK_FOR_STACK_OVERFLOW,INCLUDE_pcTaskGetTaskName,INCLUDE_xEventGroupSetBitFromISR
STMicroelectronics.X-CUBE-FREERTOS.1.2.0.RTOS2CcCMSISJjRTOS2JjCore=TZIiNonIiSupported
STMicroelectronics.X-CUBE-FREERTOS.1.2.0.RTOS2CcCMSISJjRTOS2JjHeap=HeapIi4
STMicroelectronics.X-CUBE-FREERTOS.1.2.0.configCHECK_FOR_STACK_OVERFLOW=2
STMicroelectronics.X-CUBE-FREERTOS.1.2.0.configTOTAL_HEAP_SIZE=65536
STMicroelectronics.X-CUBE-FREERTOS.1.2.0.configUSE_MALLOC_FAILED_HOOK=1
STMicroelectronics.X-CUBE-FREERTOS.1.2.0.configUSE_TICKLESS_IDLE=1
STMicroelectronics.X-CUBE-FREERTOS.1.2.0_SwParameter=RTOS2CcCMSISJjRTOS2JjHeap\:HeapIi4;RTOS2CcCMSISJjRTOS2JjCore\:TZIiNonIiSupported;
USART1.BaudRate=9600
USART1.IPParameters=VirtualMode-Asynchronous,WordLength,BaudRate
USART1.VirtualMode-Asynchronous=VM_ASYNC
USART1.WordLength=WORDLENGTH_8B
VP_GPDMA1_VS_GPDMACH2.Mode=SIMPLEREQUEST_GPDMACH2
VP_GPDMA1_VS_GPDMACH2.Signal=GPDMA1_VS_GPDMACH2
VP_GPDMA1_VS_GPDMACH3.Mode=SIMPLEREQUEST_GPDMACH3
VP_GPDMA1_VS_GPDMACH3.Signal=GPDMA1_VS_GPDMACH3
VP_GPDMA1_VS_GPDMACH4.Mode=SIMPLEREQUEST_GPDMACH4
VP_GPDMA1_VS_GPDMACH4.Signal=GPDMA1_VS_GPDMACH4
VP_GPDMA1_VS_GPDMACH5.Mode=SIMPLEREQUEST_GPDMACH5
VP_GPDMA1_VS_GPDMACH5.Signal=GPDMA1_VS_GPDMACH5
VP_ICACHE_VS_ICACHE.Mode=DirectMappedCache
VP_ICACHE_VS_ICACHE.Signal=ICACHE_VS_ICACHE
VP_LPBAMQUEUE_VS_QUEUE.Mode=QUEUEMODE
VP_LPBAMQUEUE_VS_QUEUE.Signal=LPBAMQUEUE_VS_QUEUE
VP_LPBAM_VS_SIG1.Mode=SmartRun
VP_LPBAM_VS_SIG1.Signal=LPBAM_VS_SIG1
VP_LPBAM_VS_SIG4.Mode=LPDMA1
VP_LPBAM_VS_SIG4.Signal=LPBAM_VS_SIG4
VP_LPDMA1_VS_LPDMACH0.Mode=SIMPLEREQUEST_LPDMACH0
VP_LPDMA1_VS_LPDMACH0.Signal=LPDMA1_VS_LPDMACH0
VP_MEMORYMAP_VS_MEMORYMAP.Mode=CurAppReg
VP_MEMORYMAP_VS_MEMORYMAP.Signal=MEMORYMAP_VS_MEMORYMAP
VP_OCTOSPI1_VS_quad.Mode=quad_mode
VP_OCTOSPI1_VS_quad.Signal=OCTOSPI1_VS_quad
VP_PWR_VS_LPOM.Mode=PowerOptimisation
VP_PWR_VS_LPOM.Signal=PWR_VS_LPOM
VP_PWR_VS_SECSignals.Mode=Security/Privilege
VP_PWR_VS_SECSignals.Signal=PWR_VS_SECSignals
VP_RTC_VS_RTC_Activate.Mode=RTC_Enabled
VP_RTC_VS_RTC_Activate.Signal=RTC_VS_RTC_Activate
VP_RTC_VS_RTC_Calendar.Mode=RTC_Calendar
VP_RTC_VS_RTC_Calendar.Signal=RTC_VS_RTC_Calendar
VP_RTC_VS_RTC_WakeUp_intern.Mode=WakeUp
VP_RTC_VS_RTC_WakeUp_intern.Signal=RTC_VS_RTC_WakeUp_intern
VP_SAI1_VP_$IpInstance_SAIA_SAI_BASIC.Mode=SAI_A_BASIC
VP_SAI1_VP_$IpInstance_SAIA_SAI_BASIC.Signal=SAI1_VP_$IpInstance_SAIA_SAI_BASIC
VP_STMicroelectronics.X-CUBE-FREERTOS_VS_CMSISJjRTOS2_10.5.1_1.2.0.Mode=CMSISJjRTOS2
VP_STMicroelectronics.X-CUBE-FREERTOS_VS_CMSISJjRTOS2_10.5.1_1.2.0.Signal=STMicroelectronics.X-CUBE-FREERTOS_VS_CMSISJjRTOS2_10.5.1_1.2.0
VP_SYS_VS_tim6.Mode=TIM6
VP_SYS_VS_tim6.Signal=SYS_VS_tim6
board=custom
rtos.0.binarySems.0=allocationType,Dynamic;controlBlockName,NULL;initialState,Depleted;name,semWake
rtos.0.events.0=allocationType,Static;controlBlockName,egModeCB;name,egMode
rtos.0.events.1=allocationType,Static;controlBlockName,egPowerCB;name,egPower
rtos.0.events.2=allocationType,Static;controlBlockName,egDebugCB;name,egDebug
rtos.0.ip=STMicroelectronics.X-CUBE-FREERTOS.1.2.0
rtos.0.mutexes.0=allocationType,Dynamic;controlBlockName,NULL;name,mtxLog
rtos.0.mutexes.1=allocationType,Dynamic;controlBlockName,NULL;name,mtxSettings
rtos.0.queues.0=allocationType,Dynamic;bufferName,NULL;controlBlockName,NULL;itemNumber,16;itemSize,16;name,qUIEvents
rtos.0.queues.1=allocationType,Dynamic;bufferName,NULL;controlBlockName,NULL;itemNumber,16;itemSize,16;name,qGameEvents
rtos.0.queues.2=allocationType,Dynamic;bufferName,NULL;controlBlockName,NULL;itemNumber,16;itemSize,16;name,qSysEvents
rtos.0.queues.3=allocationType,Dynamic;bufferName,NULL;controlBlockName,NULL;itemNumber,16;itemSize,16;name,qDisplayCmd
rtos.0.queues.4=allocationType,Dynamic;bufferName,NULL;controlBlockName,NULL;itemNumber,16;itemSize,16;name,qAudioCmd
rtos.0.queues.5=allocationType,Dynamic;bufferName,NULL;controlBlockName,NULL;itemNumber,24;itemSize,8;name,qStorageReq
rtos.0.queues.6=allocationType,Dynamic;bufferName,NULL;controlBlockName,NULL;itemNumber,16;itemSize,8;name,qSensorReq
rtos.0.queues.7=allocationType,Dynamic;bufferName,NULL;controlBlockName,NULL;itemNumber,16;itemSize,4;name,qInput
rtos.0.tasks.0=allocationType,Dynamic;bufferName,NULL;codeGen,Default;controlBlockName,NULL;entry,StartTaskDisplay;name,tskDisplay;parameter,NULL;priority,osPriorityHigh;stackSize,1024
rtos.0.tasks.1=allocationType,Dynamic;bufferName,NULL;codeGen,Default;controlBlockName,NULL;entry,StartTaskUI;name,tskUI;parameter,NULL;priority,osPriorityNormal;stackSize,768
rtos.0.tasks.2=allocationType,Dynamic;bufferName,NULL;codeGen,Default;controlBlockName,NULL;entry,StartTaskInput;name,tskInput;parameter,NULL;priority,osPriorityAboveNormal;stackSize,384
rtos.0.tasks.3=allocationType,Dynamic;bufferName,NULL;codeGen,Default;controlBlockName,NULL;entry,StartTaskPower;name,tskPower;parameter,NULL;priority,osPriorityBelowNormal;stackSize,384
rtos.0.tasks.4=allocationType,Dynamic;bufferName,NULL;codeGen,Default;controlBlockName,NULL;entry,StartTaskSensor;name,tskSensor;parameter,NULL;priority,osPriorityBelowNormal;stackSize,384
rtos.0.tasks.5=allocationType,Dynamic;bufferName,NULL;codeGen,Default;controlBlockName,NULL;entry,StartTaskFileSystem;name,tskStorage;parameter,NULL;priority,osPriorityLow;stackSize,1024
rtos.0.tasks.6=allocationType,Dynamic;bufferName,NULL;codeGen,Default;controlBlockName,NULL;entry,StartTaskGame;name,tskGame;parameter,NULL;priority,osPriorityNormal;stackSize,768
rtos.0.tasks.7=allocationType,Dynamic;bufferName,NULL;codeGen,Default;controlBlockName,NULL;entry,StartTaskAudio;name,tskAudio;parameter,NULL;priority,osPriorityRealtime;stackSize,512
rtos.0.timers.0=allocationType,Dynamic;codeGen,Default;controlBlockName,NULL;entry,tmrInactivityCb;name,tmrInactivity;parameter,NULL;type,osTimerOnce
rtos.0.timers.1=allocationType,Dynamic;codeGen,Default;controlBlockName,NULL;entry,UITickTimerCb;name,tmrUITick;parameter,NULL;type,osTimerPeriodic
