#MicroXplorer Configuration settings - do not modify
CAD.formats=
CAD.pinconfig=
CAD.provider=
CONF1.CORTEX_M33_NS.userName=CORTEX_M33
CONF1.ConfName=
CONF1.FILEX.GENERATE_FILEX_INIT_CODE=false
CONF1.FILEX.IPParameters=useRTOS,GENERATE_FILEX_INIT_CODE
CONF1.FILEX.useRTOS=1
CONF1.GPDMA1.CIRCULARMODE_GPDMACH3=ENABLE
CONF1.GPDMA1.DESTDATAWIDTH_GPDMACH3=DMA_DEST_DATAWIDTH_HALFWORD
CONF1.GPDMA1.DESTINC_GPDMACH4=DMA_DINC_INCREMENTED
CONF1.GPDMA1.DESTINC_GPDMACH5=DMA_DINC_FIXED
CONF1.GPDMA1.DIRECTION_GPDMACH0=DMA_MEMORY_TO_PERIPH
CONF1.GPDMA1.DIRECTION_GPDMACH3=DMA_MEMORY_TO_PERIPH
CONF1.GPDMA1.DIRECTION_GPDMACH5=DMA_MEMORY_TO_PERIPH
CONF1.GPDMA1.DMAHANDLE_GPDMACH3=hdmatx
CONF1.GPDMA1.IPHANDLE_GPDMACH0-SIMPLEREQUEST_GPDMACH0=__NULL
CONF1.GPDMA1.IPHANDLE_GPDMACH3-SIMPLEREQUEST_GPDMACH3=__NULL
CONF1.GPDMA1.IPHANDLE_GPDMACH4-SIMPLEREQUEST_GPDMACH4=__NULL
CONF1.GPDMA1.IPHANDLE_GPDMACH5-SIMPLEREQUEST_GPDMACH5=__NULL
CONF1.GPDMA1.IPParameters=CIRCULARMODE_GPDMACH3,REQUEST_GPDMACH3,DMAHANDLE_GPDMACH3,DIRECTION_GPDMACH3,SRCINC_GPDMACH3,SRCDATAWIDTH_GPDMACH3,DESTDATAWIDTH_GPDMACH3,REQUEST_GPDMACH4,PRIORITY_GPDMACH4,REQUEST_GPDMACH5,DIRECTION_GPDMACH5,DESTINC_GPDMACH5,SRCINC_GPDMACH4,DESTINC_GPDMACH4,SRCINC_GPDMACH5,IPHANDLE_GPDMACH5-SIMPLEREQUEST_GPDMACH5,IPHANDLE_GPDMACH3-SIMPLEREQUEST_GPDMACH3,IPHANDLE_GPDMACH4-SIMPLEREQUEST_GPDMACH4,IPHANDLE_GPDMACH0-SIMPLEREQUEST_GPDMACH0,REQUEST_GPDMACH0,DIRECTION_GPDMACH0,SRCINC_GPDMACH0,PRIORITY_GPDMACH0
CONF1.GPDMA1.PRIORITY_GPDMACH0=DMA_LOW_PRIORITY_HIGH_WEIGHT
CONF1.GPDMA1.PRIORITY_GPDMACH4=DMA_LOW_PRIORITY_LOW_WEIGHT
CONF1.GPDMA1.REQUEST_GPDMACH0=GPDMA1_REQUEST_SPI3_TX
CONF1.GPDMA1.REQUEST_GPDMACH3=GPDMA1_REQUEST_SAI1_A
CONF1.GPDMA1.REQUEST_GPDMACH4=GPDMA1_REQUEST_OCTOSPI1
CONF1.GPDMA1.REQUEST_GPDMACH5=GPDMA1_REQUEST_OCTOSPI1
CONF1.GPDMA1.SRCDATAWIDTH_GPDMACH3=DMA_SRC_DATAWIDTH_HALFWORD
CONF1.GPDMA1.SRCINC_GPDMACH0=DMA_SINC_INCREMENTED
CONF1.GPDMA1.SRCINC_GPDMACH3=DMA_SINC_INCREMENTED
CONF1.GPDMA1.SRCINC_GPDMACH4=DMA_SINC_FIXED
CONF1.GPDMA1.SRCINC_GPDMACH5=DMA_SINC_INCREMENTED
CONF1.GPIO.groupedBy=Group By Peripherals
CONF1.I2C3.IPParameters=Timing
CONF1.I2C3.Timing=0x00000E14
CONF1.KeepUserPlacement=false
CONF1.LEVELX.IPParameters=LX_NOR_Flash_Support
CONF1.LEVELX.LX_NOR_Flash_Support=1
CONF1.LPDMA1.DIRECTION_LPDMACH0=DMA_MEMORY_TO_PERIPH
CONF1.LPDMA1.IPHANDLE_LPDMACH0-SIMPLEREQUEST_LPDMACH0=__NULL
CONF1.LPDMA1.IPParameters=IPHANDLE_LPDMACH0-SIMPLEREQUEST_LPDMACH0,REQUEST_LPDMACH0,PRIORITY_LPDMACH0,DIRECTION_LPDMACH0,SRCINC_LPDMACH0
CONF1.LPDMA1.PRIORITY_LPDMACH0=DMA_HIGH_PRIORITY
CONF1.LPDMA1.REQUEST_LPDMACH0=LPDMA1_REQUEST_SPI3_TX
CONF1.LPDMA1.SRCINC_LPDMACH0=DMA_SINC_INCREMENTED
CONF1.LPUART1.BaudRate=115200
CONF1.LPUART1.IPParameters=BaudRate
CONF1.MMTAppRegionsCount=0
CONF1.MMTConfigApplied=false
CONF1.Mcu.ContextProject=TrustZoneDisabled
CONF1.Mcu.Family=STM32U5
CONF1.Mcu.IP0=CORTEX_M33_NS
CONF1.Mcu.IP1=DEBUG
CONF1.Mcu.IP10=LPUART1
CONF1.Mcu.IP11=MEMORYMAP
CONF1.Mcu.IP12=NVIC
CONF1.Mcu.IP13=OCTOSPI1
CONF1.Mcu.IP14=PWR
CONF1.Mcu.IP15=RCC
CONF1.Mcu.IP16=RTC
CONF1.Mcu.IP17=SAI1
CONF1.Mcu.IP18=SPI3
CONF1.Mcu.IP19=SYS
CONF1.Mcu.IP2=FILEX
CONF1.Mcu.IP20=THREADX
CONF1.Mcu.IP21=USBX
CONF1.Mcu.IP22=USB_OTG_FS
CONF1.Mcu.IP3=GPDMA1
CONF1.Mcu.IP4=I2C3
CONF1.Mcu.IP5=LEVELX
CONF1.Mcu.IP6=LPBAM
CONF1.Mcu.IP7=LPBAMQUEUE
CONF1.Mcu.IP8=LPDMA1
CONF1.Mcu.IP9=LPTIM1
CONF1.Mcu.IPNb=23
CONF1.Mcu.Name=STM32U575RITx
CONF1.Mcu.Package=LQFP64
CONF1.Mcu.Pin0=PC13
CONF1.Mcu.Pin1=PC14-OSC32_IN (PC14)
CONF1.Mcu.Pin10=PA7
CONF1.Mcu.Pin11=PB0
CONF1.Mcu.Pin12=PB1
CONF1.Mcu.Pin13=PB10
CONF1.Mcu.Pin14=PB12
CONF1.Mcu.Pin15=PB13
CONF1.Mcu.Pin16=PB14
CONF1.Mcu.Pin17=PB15
CONF1.Mcu.Pin18=PC6
CONF1.Mcu.Pin19=PC9
CONF1.Mcu.Pin2=PH1-OSC_OUT (PH1)
CONF1.Mcu.Pin20=PA8
CONF1.Mcu.Pin21=PA10
CONF1.Mcu.Pin22=PA11
CONF1.Mcu.Pin23=PA12
CONF1.Mcu.Pin24=PA13 (JTMS/SWDIO)
CONF1.Mcu.Pin25=PA14 (JTCK/SWCLK)
CONF1.Mcu.Pin26=PA15 (JTDI)
CONF1.Mcu.Pin27=PC10
CONF1.Mcu.Pin28=PC11
CONF1.Mcu.Pin29=PC12
CONF1.Mcu.Pin3=PC0
CONF1.Mcu.Pin30=PB3 (JTDO/TRACESWO)
CONF1.Mcu.Pin31=PB5
CONF1.Mcu.Pin32=PB6
CONF1.Mcu.Pin33=PB7
CONF1.Mcu.Pin34=PH3-BOOT0
CONF1.Mcu.Pin35=PB8
CONF1.Mcu.Pin36=PB9
CONF1.Mcu.Pin37=VP_FILEX_VS_FileOoSystemJjFileXJjCore
CONF1.Mcu.Pin38=VP_GPDMA1_VS_GPDMACH0
CONF1.Mcu.Pin39=VP_GPDMA1_VS_GPDMACH3
CONF1.Mcu.Pin4=PC1
CONF1.Mcu.Pin40=VP_GPDMA1_VS_GPDMACH4
CONF1.Mcu.Pin41=VP_GPDMA1_VS_GPDMACH5
CONF1.Mcu.Pin42=VP_LEVELX_VS_FileOoSystemJjLevelXJjNOR
CONF1.Mcu.Pin43=VP_LPBAMQUEUE_VS_QUEUE
CONF1.Mcu.Pin44=VP_LPDMA1_VS_LPDMACH0
CONF1.Mcu.Pin45=VP_LPTIM1_VS_LPTIM_counterModeInternalClock
CONF1.Mcu.Pin46=VP_LPTIM1_VS_CH1
CONF1.Mcu.Pin47=VP_LPTIM1_VS_noIO1
CONF1.Mcu.Pin48=VP_OCTOSPI1_VS_quad
CONF1.Mcu.Pin49=VP_PWR_VS_SECSignals
CONF1.Mcu.Pin5=PA0
CONF1.Mcu.Pin50=VP_RTC_VS_RTC_Activate
CONF1.Mcu.Pin51=VP_RTC_VS_RTC_Calendar
CONF1.Mcu.Pin52=VP_SAI1_VP_$IpInstance_SAIA_SAI_BASIC
CONF1.Mcu.Pin53=VP_SYS_VS_tim6
CONF1.Mcu.Pin54=VP_THREADX_VS_RTOSJjThreadXJjCoreJjDefault
CONF1.Mcu.Pin55=VP_THREADX_VS_RTOSJjThreadXJjTraceX_SupportJjDefault
CONF1.Mcu.Pin56=VP_THREADX_VS_RTOSJjThreadXJjLow_Power_Support
CONF1.Mcu.Pin57=VP_USBX_Core_System
CONF1.Mcu.Pin58=VP_USBX_UX Device CoreStack_FS
CONF1.Mcu.Pin59=VP_USBX_UX Device MSC_FS
CONF1.Mcu.Pin6=PA2
CONF1.Mcu.Pin60=VP_LPBAM_VS_SIG1
CONF1.Mcu.Pin61=VP_LPBAM_VS_SIG4
CONF1.Mcu.Pin62=VP_MEMORYMAP_VS_MEMORYMAP
CONF1.Mcu.Pin7=PA3
CONF1.Mcu.Pin8=PA4
CONF1.Mcu.Pin9=PA6
CONF1.Mcu.PinsNb=63
CONF1.Mcu.ThirdPartyNb=0
CONF1.Mcu.UserName=STM32U575RITx
CONF1.NVIC.BusFault_IRQn=true\:0\:0\:false\:false\:true\:false\:false\:false\:false
CONF1.NVIC.DebugMonitor_IRQn=true\:0\:0\:false\:false\:true\:false\:false\:false\:false
CONF1.NVIC.EXTI11_IRQn=true\:0\:0\:false\:false\:true\:false\:true\:true\:true
CONF1.NVIC.EXTI14_IRQn=true\:0\:0\:false\:false\:true\:false\:true\:true\:true
CONF1.NVIC.EXTI15_IRQn=true\:0\:0\:false\:false\:true\:false\:true\:true\:true
CONF1.NVIC.EXTI3_IRQn=true\:0\:0\:false\:false\:true\:false\:true\:true\:true
CONF1.NVIC.EXTI4_IRQn=true\:0\:0\:false\:false\:true\:false\:true\:true\:true
CONF1.NVIC.EXTI5_IRQn=true\:0\:0\:false\:false\:true\:false\:true\:true\:true
CONF1.NVIC.EXTI6_IRQn=true\:0\:0\:false\:false\:true\:false\:true\:true\:true
CONF1.NVIC.EXTI7_IRQn=true\:0\:0\:false\:false\:true\:false\:true\:true\:true
CONF1.NVIC.EXTI8_IRQn=true\:0\:0\:false\:false\:true\:false\:true\:true\:true
CONF1.NVIC.ForceEnableDMAVector=true
CONF1.NVIC.GPDMA1_Channel0_IRQn=true\:5\:0\:true\:false\:true\:true\:false\:true\:true
CONF1.NVIC.GPDMA1_Channel3_IRQn=true\:5\:0\:true\:false\:true\:true\:false\:true\:true
CONF1.NVIC.GPDMA1_Channel4_IRQn=true\:5\:0\:true\:false\:true\:true\:false\:true\:true
CONF1.NVIC.GPDMA1_Channel5_IRQn=true\:5\:0\:true\:false\:true\:true\:false\:true\:true
CONF1.NVIC.HardFault_IRQn=true\:0\:0\:false\:false\:true\:false\:false\:false\:false
CONF1.NVIC.LPDMA1_Channel0_IRQn=true\:15\:0\:true\:false\:true\:true\:false\:true\:true
CONF1.NVIC.MemoryManagement_IRQn=true\:0\:0\:false\:false\:true\:false\:false\:false\:false
CONF1.NVIC.NonMaskableInt_IRQn=true\:0\:0\:false\:false\:true\:false\:false\:false\:false
CONF1.NVIC.OTG_FS_IRQn=true\:5\:0\:true\:false\:true\:false\:true\:true\:true
CONF1.NVIC.PendSV_IRQn=true\:0\:0\:false\:false\:false\:false\:false\:false\:false
CONF1.NVIC.PriorityGroup=NVIC_PRIORITYGROUP_4
CONF1.NVIC.SPI3_IRQn=true\:5\:0\:true\:false\:true\:false\:false\:true\:true
CONF1.NVIC.SVCall_IRQn=true\:0\:0\:false\:false\:false\:false\:false\:false\:false
CONF1.NVIC.SavedPendsvIrqHandlerGenerated=true
CONF1.NVIC.SavedSvcallIrqHandlerGenerated=true
CONF1.NVIC.SavedSystickIrqHandlerGenerated=true
CONF1.NVIC.SysTick_IRQn=true\:0\:0\:false\:false\:false\:false\:false\:true\:false
CONF1.NVIC.TIM6_IRQn=true\:15\:0\:false\:false\:true\:false\:false\:true\:true
CONF1.NVIC.TimeBase=TIM6_IRQn
CONF1.NVIC.TimeBaseIP=TIM6
CONF1.NVIC.UsageFault_IRQn=true\:0\:0\:false\:false\:true\:false\:false\:false\:false
CONF1.OCTOSPI1.ChipSelectHighTime=2
CONF1.OCTOSPI1.ClockPrescaler=8
CONF1.OCTOSPI1.DeviceSize=24
CONF1.OCTOSPI1.IPParameters=DeviceSize,ChipSelectHighTime,ClockPrescaler
CONF1.PA0.Locked=true
CONF1.PA0.Mode=OCTOSPI1_Port2_NCS
CONF1.PA0.Signal=OCTOSPIM_P2_NCS
CONF1.PA10.Locked=true
CONF1.PA10.Mode=SAI_A_Master
CONF1.PA10.Signal=SAI1_SD_A
CONF1.PA11.Mode=Device_Only
CONF1.PA11.Signal=USB_OTG_FS_DM
CONF1.PA12.Mode=Device_Only
CONF1.PA12.Signal=USB_OTG_FS_DP
CONF1.PA13\ (JTMS/SWDIO).Mode=Trace_Asynchronous_SW
CONF1.PA13\ (JTMS/SWDIO).Signal=DEBUG_JTMS-SWDIO
CONF1.PA14\ (JTCK/SWCLK).Mode=Trace_Asynchronous_SW
CONF1.PA14\ (JTCK/SWCLK).Signal=DEBUG_JTCK-SWCLK
CONF1.PA15\ (JTDI).Locked=true
CONF1.PA15\ (JTDI).Mode=NSS_Signal_Hard_Output
CONF1.PA15\ (JTDI).Signal=SPI3_NSS
CONF1.PA2.Mode=Asynchronous
CONF1.PA2.Signal=LPUART1_TX
CONF1.PA3.Mode=Asynchronous
CONF1.PA3.Signal=LPUART1_RX
CONF1.PA4.GPIOParameters=GPIO_Label,GPIO_ModeDefaultEXTI
CONF1.PA4.GPIO_Label=BTN_START
CONF1.PA4.GPIO_ModeDefaultEXTI=GPIO_MODE_IT_RISING_FALLING
CONF1.PA4.Locked=true
CONF1.PA4.Signal=GPXTI4
CONF1.PA6.Mode=OCTOSPI1_IOL_Port1L
CONF1.PA6.Signal=OCTOSPIM_P1_IO3
CONF1.PA7.Mode=OCTOSPI1_IOL_Port1L
CONF1.PA7.Signal=OCTOSPIM_P1_IO2
CONF1.PA8.Mode=SAI_A_Master
CONF1.PA8.Signal=SAI1_SCK_A
CONF1.PB0.Mode=OCTOSPI1_IOL_Port1L
CONF1.PB0.Signal=OCTOSPIM_P1_IO1
CONF1.PB1.Mode=OCTOSPI1_IOL_Port1L
CONF1.PB1.Signal=OCTOSPIM_P1_IO0
CONF1.PB10.Mode=O1_P1_CLK
CONF1.PB10.Signal=OCTOSPIM_P1_CLK
CONF1.PB12.Mode=CTS_RTS
CONF1.PB12.Signal=LPUART1_RTS
CONF1.PB13.Mode=CTS_RTS
CONF1.PB13.Signal=LPUART1_CTS
CONF1.PB14.GPIOParameters=GPIO_Label,GPIO_ModeDefaultEXTI
CONF1.PB14.GPIO_Label=MPU_INT
CONF1.PB14.GPIO_ModeDefaultEXTI=GPIO_MODE_IT_RISING_FALLING
CONF1.PB14.Locked=true
CONF1.PB14.Signal=GPXTI14
CONF1.PB15.GPIOParameters=GPIO_Label,GPIO_ModeDefaultEXTI
CONF1.PB15.GPIO_Label=PMIC_INT
CONF1.PB15.GPIO_ModeDefaultEXTI=GPIO_MODE_IT_RISING_FALLING
CONF1.PB15.Locked=true
CONF1.PB15.Signal=GPXTI15
CONF1.PB3\ (JTDO/TRACESWO).Mode=Trace_Asynchronous_SW
CONF1.PB3\ (JTDO/TRACESWO).Signal=DEBUG_JTDO-SWO
CONF1.PB5.GPIOParameters=GPIO_Label,GPIO_ModeDefaultEXTI
CONF1.PB5.GPIO_Label=BTN_A
CONF1.PB5.GPIO_ModeDefaultEXTI=GPIO_MODE_IT_RISING_FALLING
CONF1.PB5.Locked=true
CONF1.PB5.Signal=GPXTI5
CONF1.PB6.GPIOParameters=GPIO_Label,GPIO_ModeDefaultEXTI
CONF1.PB6.GPIO_Label=BTN_B
CONF1.PB6.GPIO_ModeDefaultEXTI=GPIO_MODE_IT_RISING_FALLING
CONF1.PB6.Locked=true
CONF1.PB6.Signal=GPXTI6
CONF1.PB7.GPIOParameters=GPIO_Label,GPIO_ModeDefaultEXTI
CONF1.PB7.GPIO_Label=BTN_L
CONF1.PB7.GPIO_ModeDefaultEXTI=GPIO_MODE_IT_RISING_FALLING
CONF1.PB7.Locked=true
CONF1.PB7.Signal=GPXTI7
CONF1.PB8.GPIOParameters=GPIO_Label,GPIO_ModeDefaultEXTI
CONF1.PB8.GPIO_Label=BTN_R
CONF1.PB8.GPIO_ModeDefaultEXTI=GPIO_MODE_IT_RISING_FALLING
CONF1.PB8.Locked=true
CONF1.PB8.Signal=GPXTI8
CONF1.PB9.Locked=true
CONF1.PB9.Mode=SAI_A_Master
CONF1.PB9.Signal=SAI1_FS_A
CONF1.PC0.Mode=I2C
CONF1.PC0.Signal=I2C3_SCL
CONF1.PC1.Mode=I2C
CONF1.PC1.Signal=I2C3_SDA
CONF1.PC10.Mode=Simplex_Bidirectional_Master
CONF1.PC10.Signal=SPI3_SCK
CONF1.PC11.GPIOParameters=GPIO_Label,GPIO_ModeDefaultEXTI
CONF1.PC11.GPIO_Label=JOY_INT
CONF1.PC11.GPIO_ModeDefaultEXTI=GPIO_MODE_IT_RISING_FALLING
CONF1.PC11.Locked=true
CONF1.PC11.Signal=GPXTI11
CONF1.PC12.Mode=Simplex_Bidirectional_Master
CONF1.PC12.Signal=SPI3_MOSI
CONF1.PC13.GPIOParameters=GPIO_Label
CONF1.PC13.GPIO_Label=LCD_1HZ
CONF1.PC13.Mode=Calibration_1Hz
CONF1.PC13.Signal=RTC_OUT1
CONF1.PC14-OSC32_IN\ (PC14).Mode=LSE-External-Clock-Source
CONF1.PC14-OSC32_IN\ (PC14).Signal=RCC_OSC32_IN
CONF1.PC6.GPIOParameters=GPIO_Label
CONF1.PC6.GPIO_Label=NINA_NRST
CONF1.PC6.Locked=true
CONF1.PC6.Signal=GPIO_Output
CONF1.PC9.GPIOParameters=GPIO_Label
CONF1.PC9.GPIO_Label=SD_MODE
CONF1.PC9.Locked=true
CONF1.PC9.Signal=GPIO_Output
CONF1.PH1-OSC_OUT\ (PH1).GPIOParameters=GPIO_Label
CONF1.PH1-OSC_OUT\ (PH1).GPIO_Label=PWR_DBG
CONF1.PH1-OSC_OUT\ (PH1).Locked=true
CONF1.PH1-OSC_OUT\ (PH1).Signal=GPIO_Output
CONF1.PH3-BOOT0.GPIOParameters=GPIO_Label,GPIO_ModeDefaultEXTI
CONF1.PH3-BOOT0.GPIO_Label=BTN_BOOT
CONF1.PH3-BOOT0.GPIO_ModeDefaultEXTI=GPIO_MODE_IT_RISING_FALLING
CONF1.PH3-BOOT0.Locked=true
CONF1.PH3-BOOT0.Signal=GPXTI3
CONF1.RCC.ADCFreq_Value=16000000
CONF1.RCC.ADF1Freq_Value=24000000
CONF1.RCC.AHBFreq_Value=24000000
CONF1.RCC.APB1CLKDivider=RCC_HCLK_DIV2
CONF1.RCC.APB1Freq_Value=12000000
CONF1.RCC.APB1TimFreq_Value=24000000
CONF1.RCC.APB2CLKDivider=RCC_HCLK_DIV2
CONF1.RCC.APB2Freq_Value=12000000
CONF1.RCC.APB2TimFreq_Value=24000000
CONF1.RCC.APB3CLKDivider=RCC_HCLK_DIV8
CONF1.RCC.APB3Freq_Value=3000000
CONF1.RCC.CK48Freq_Value=48000000
CONF1.RCC.CRSFreq_Value=48000000
CONF1.RCC.CortexFreq_Value=24000000
CONF1.RCC.DACFreq_Value=32000
CONF1.RCC.EPOD_VALUE=24000000
CONF1.RCC.FCLKCortexFreq_Value=24000000
CONF1.RCC.FDCANFreq_Value=80000000
CONF1.RCC.FamilyName=M
CONF1.RCC.HCLKFreq_Value=24000000
CONF1.RCC.HSE_VALUE=16000000
CONF1.RCC.HSI48_VALUE=48000000
CONF1.RCC.HSI_VALUE=16000000
CONF1.RCC.I2C1Freq_Value=12000000
CONF1.RCC.I2C2Freq_Value=12000000
CONF1.RCC.I2C3CLockSelection=RCC_I2C3CLKSOURCE_MSIK
CONF1.RCC.I2C4Freq_Value=12000000
CONF1.RCC.IPParameters=ADCFreq_Value,ADF1Freq_Value,AHBFreq_Value,APB1CLKDivider,APB1Freq_Value,APB1TimFreq_Value,APB2CLKDivider,APB2Freq_Value,APB2TimFreq_Value,APB3CLKDivider,APB3Freq_Value,CK48Freq_Value,CRSFreq_Value,CortexFreq_Value,DACFreq_Value,EPOD_VALUE,FCLKCortexFreq_Value,FDCANFreq_Value,FamilyName,HCLKFreq_Value,HSE_VALUE,HSI48_VALUE,HSI_VALUE,I2C1Freq_Value,I2C2Freq_Value,I2C3CLockSelection,I2C4Freq_Value,LPTIM2Freq_Value,LPUART1CLockSelectionVirtual,LPUART1Freq_Value,LSCOPinFreq_Value,LSE_VALUE,LSIDIV_VALUE,LSI_VALUE,MCO1PinFreq_Value,MDF1Freq_Value,MSIClockRange,MSI_VALUE,OCTOSPIMCLockSelection,OCTOSPIMFreq_Value,PLL1P,PLL1R,PLL2FRACN,PLL2N,PLL2P,PLL2PoutputFreq_Value,PLL2Q,PLL2QoutputFreq_Value,PLL2RoutputFreq_Value,PLL2Source,PLL3PoutputFreq_Value,PLL3QoutputFreq_Value,PLL3RoutputFreq_Value,PLLFRACN,PLLM,PLLN,PLLPoutputFreq_Value,PLLQoutputFreq_Value,PLLRCLKFreq_Value,RNGFreq_Value,RTCClockSelection,RTCFreq_Value,SAI1Freq_Value,SDMMCFreq_Value,SPI1Freq_Value,SPI2Freq_Value,SPI3CLockSelection,SPI3Freq_Value,SYSCLKFreq_VALUE,UART4Freq_Value,UART5Freq_Value,USART1Freq_Value,USART2Freq_Value,USART3Freq_Value,USBFreq_Value,VCOInput2Freq_Value,VCOInput3Freq_Value,VCOInputFreq_Value,VCOOutputFreq_Value,VCOPLL2OutputFreq_Value,VCOPLL3OutputFreq_Value
CONF1.RCC.LPTIM2Freq_Value=12000000
CONF1.RCC.LPUART1CLockSelectionVirtual=RCC_LPUART1CLKSOURCE_HSI
CONF1.RCC.LPUART1Freq_Value=16000000
CONF1.RCC.LSCOPinFreq_Value=32000
CONF1.RCC.LSE_VALUE=32768
CONF1.RCC.LSIDIV_VALUE=32000
CONF1.RCC.LSI_VALUE=32000
CONF1.RCC.MCO1PinFreq_Value=24000000
CONF1.RCC.MDF1Freq_Value=24000000
CONF1.RCC.MSIClockRange=RCC_MSIRANGE_1
CONF1.RCC.MSI_VALUE=24000000
CONF1.RCC.OCTOSPIMCLockSelection=RCC_OSPICLKSOURCE_PLL2
CONF1.RCC.OCTOSPIMFreq_Value=128000000
CONF1.RCC.PLL1P=4
CONF1.RCC.PLL1R=1
CONF1.RCC.PLL2FRACN=0
CONF1.RCC.PLL2N=32
CONF1.RCC.PLL2P=125
CONF1.RCC.PLL2PoutputFreq_Value=4096000
CONF1.RCC.PLL2Q=4
CONF1.RCC.PLL2QoutputFreq_Value=128000000
CONF1.RCC.PLL2RoutputFreq_Value=256000000
CONF1.RCC.PLL2Source=RCC_PLLSOURCE_HSI
CONF1.RCC.PLL3PoutputFreq_Value=1548000000
CONF1.RCC.PLL3QoutputFreq_Value=1548000000
CONF1.RCC.PLL3RoutputFreq_Value=1548000000
CONF1.RCC.PLLFRACN=0
CONF1.RCC.PLLM=3
CONF1.RCC.PLLN=20
CONF1.RCC.PLLPoutputFreq_Value=40000000
CONF1.RCC.PLLQoutputFreq_Value=80000000
CONF1.RCC.PLLRCLKFreq_Value=160000000
CONF1.RCC.RNGFreq_Value=48000000
CONF1.RCC.RTCClockSelection=RCC_RTCCLKSOURCE_LSE
CONF1.RCC.RTCFreq_Value=32768
CONF1.RCC.SAI1Freq_Value=4096000
CONF1.RCC.SDMMCFreq_Value=40000000
CONF1.RCC.SPI1Freq_Value=24000000
CONF1.RCC.SPI2Freq_Value=24000000
CONF1.RCC.SPI3CLockSelection=RCC_SPI3CLKSOURCE_MSIK
CONF1.RCC.SPI3Freq_Value=4000000
CONF1.RCC.SYSCLKFreq_VALUE=24000000
CONF1.RCC.UART4Freq_Value=12000000
CONF1.RCC.UART5Freq_Value=12000000
CONF1.RCC.USART1Freq_Value=12000000
CONF1.RCC.USART2Freq_Value=12000000
CONF1.RCC.USART3Freq_Value=12000000
CONF1.RCC.USBFreq_Value=48000000
CONF1.RCC.VCOInput2Freq_Value=16000000
CONF1.RCC.VCOInput3Freq_Value=24000000
CONF1.RCC.VCOInputFreq_Value=8000000
CONF1.RCC.VCOOutputFreq_Value=160000000
CONF1.RCC.VCOPLL2OutputFreq_Value=512000000
CONF1.RCC.VCOPLL3OutputFreq_Value=3096000000
CONF1.SAI1.ErrorAudioFreq-SAI_A_Master=-91.66 %
CONF1.SAI1.IPParameters=Instance-SAI_A_Master,VirtualMode-SAI_A_Master,MckOutput-SAI_A_Master,RealAudioFreq-SAI_A_Master,ErrorAudioFreq-SAI_A_Master,InitProtocol-SAI_A_Master,VirtualProtocol-SAI_A_BASIC
CONF1.SAI1.InitProtocol-SAI_A_Master=Enable
CONF1.SAI1.Instance-SAI_A_Master=SAI$Index_Block_A
CONF1.SAI1.MckOutput-SAI_A_Master=SAI_MCK_OUTPUT_DISABLE
CONF1.SAI1.RealAudioFreq-SAI_A_Master=16.0 KHz
CONF1.SAI1.VirtualMode-SAI_A_Master=VM_MASTER
CONF1.SAI1.VirtualProtocol-SAI_A_BASIC=VM_BASIC_PROTOCOL
CONF1.SH.GPXTI11.0=GPIO_EXTI11
CONF1.SH.GPXTI11.ConfNb=1
CONF1.SH.GPXTI14.0=GPIO_EXTI14
CONF1.SH.GPXTI14.ConfNb=1
CONF1.SH.GPXTI15.0=GPIO_EXTI15
CONF1.SH.GPXTI15.ConfNb=1
CONF1.SH.GPXTI3.0=GPIO_EXTI3
CONF1.SH.GPXTI3.ConfNb=1
CONF1.SH.GPXTI4.0=GPIO_EXTI4
CONF1.SH.GPXTI4.ConfNb=1
CONF1.SH.GPXTI5.0=GPIO_EXTI5
CONF1.SH.GPXTI5.ConfNb=1
CONF1.SH.GPXTI6.0=GPIO_EXTI6
CONF1.SH.GPXTI6.ConfNb=1
CONF1.SH.GPXTI7.0=GPIO_EXTI7
CONF1.SH.GPXTI7.ConfNb=1
CONF1.SH.GPXTI8.0=GPIO_EXTI8
CONF1.SH.GPXTI8.ConfNb=1
CONF1.SPI3.BaudRatePrescaler=SPI_BAUDRATEPRESCALER_4
CONF1.SPI3.CalculateBaudRate=1000.0 KBits/s
CONF1.SPI3.Direction=SPI_DIRECTION_1LINE
CONF1.SPI3.FirstBit=SPI_FIRSTBIT_LSB
CONF1.SPI3.IPParameters=VirtualType,Mode,Direction,CalculateBaudRate,VirtualNSS,NSSPolarity,FirstBit,BaudRatePrescaler,NSSPMode,MasterSSIdleness
CONF1.SPI3.MasterSSIdleness=SPI_MASTER_SS_IDLENESS_15CYCLE
CONF1.SPI3.Mode=SPI_MODE_MASTER
CONF1.SPI3.NSSPMode=SPI_NSS_PULSE_DISABLE
CONF1.SPI3.NSSPolarity=SPI_NSS_POLARITY_HIGH
CONF1.SPI3.VirtualNSS=VM_NSSHARD
CONF1.SPI3.VirtualType=VM_MASTER
CONF1.ScenarioCount=0
CONF1.THREADX.IPParameters=TX_LOW_POWER,TX_APP_MEM_POOL_SIZE,TX_APP_GENERATE_INIT_CODE,TX_ENABLE_BASEPRI_SUPPORT,TX_ENABLE_EVENT_TRACE
CONF1.THREADX.TX_APP_GENERATE_INIT_CODE=true
CONF1.THREADX.TX_APP_MEM_POOL_SIZE=16384
CONF1.THREADX.TX_ENABLE_BASEPRI_SUPPORT=1
CONF1.THREADX.TX_ENABLE_EVENT_TRACE=1
CONF1.THREADX.TX_LOW_POWER=1
CONF1.USBX.Core_System=1
CONF1.USBX.IPParameters=Core_System,UX_Device_CoreStack,UX_DEVICE_STORAGE
CONF1.USBX.UX_DEVICE_STORAGE=1
CONF1.USBX.UX_Device_CoreStack=1
CONF1.USB_OTG_FS.IPParameters=VirtualMode
CONF1.USB_OTG_FS.VirtualMode=Device_Only
CONF1.VP_FILEX_VS_FileOoSystemJjFileXJjCore.Mode=FileX_Core
CONF1.VP_FILEX_VS_FileOoSystemJjFileXJjCore.Signal=FILEX_VS_FileOoSystemJjFileXJjCore
CONF1.VP_GPDMA1_VS_GPDMACH0.Mode=SIMPLEREQUEST_GPDMACH0
CONF1.VP_GPDMA1_VS_GPDMACH0.Signal=GPDMA1_VS_GPDMACH0
CONF1.VP_GPDMA1_VS_GPDMACH3.Mode=SIMPLEREQUEST_GPDMACH3
CONF1.VP_GPDMA1_VS_GPDMACH3.Signal=GPDMA1_VS_GPDMACH3
CONF1.VP_GPDMA1_VS_GPDMACH4.Mode=SIMPLEREQUEST_GPDMACH4
CONF1.VP_GPDMA1_VS_GPDMACH4.Signal=GPDMA1_VS_GPDMACH4
CONF1.VP_GPDMA1_VS_GPDMACH5.Mode=SIMPLEREQUEST_GPDMACH5
CONF1.VP_GPDMA1_VS_GPDMACH5.Signal=GPDMA1_VS_GPDMACH5
CONF1.VP_LEVELX_VS_FileOoSystemJjLevelXJjNOR.Mode=LevelX_NOR_Flash_Support
CONF1.VP_LEVELX_VS_FileOoSystemJjLevelXJjNOR.Signal=LEVELX_VS_FileOoSystemJjLevelXJjNOR
CONF1.VP_LPBAMQUEUE_VS_QUEUE.Mode=QUEUEMODE
CONF1.VP_LPBAMQUEUE_VS_QUEUE.Signal=LPBAMQUEUE_VS_QUEUE
CONF1.VP_LPBAM_VS_SIG1.Mode=SmartRun
CONF1.VP_LPBAM_VS_SIG1.Signal=LPBAM_VS_SIG1
CONF1.VP_LPBAM_VS_SIG4.Mode=LPDMA1
CONF1.VP_LPBAM_VS_SIG4.Signal=LPBAM_VS_SIG4
CONF1.VP_LPDMA1_VS_LPDMACH0.Mode=SIMPLEREQUEST_LPDMACH0
CONF1.VP_LPDMA1_VS_LPDMACH0.Signal=LPDMA1_VS_LPDMACH0
CONF1.VP_LPTIM1_VS_CH1.Mode=Channel_1_Active
CONF1.VP_LPTIM1_VS_CH1.Signal=LPTIM1_VS_CH1
CONF1.VP_LPTIM1_VS_LPTIM_counterModeInternalClock.Mode=Counts__internal_clock_event_00
CONF1.VP_LPTIM1_VS_LPTIM_counterModeInternalClock.Signal=LPTIM1_VS_LPTIM_counterModeInternalClock
CONF1.VP_LPTIM1_VS_noIO1.Mode=NoIO_Channel_1_Active
CONF1.VP_LPTIM1_VS_noIO1.Signal=LPTIM1_VS_noIO1
CONF1.VP_MEMORYMAP_VS_MEMORYMAP.Mode=CurAppReg
CONF1.VP_MEMORYMAP_VS_MEMORYMAP.Signal=MEMORYMAP_VS_MEMORYMAP
CONF1.VP_OCTOSPI1_VS_quad.Mode=quad_mode
CONF1.VP_OCTOSPI1_VS_quad.Signal=OCTOSPI1_VS_quad
CONF1.VP_PWR_VS_SECSignals.Mode=Security/Privilege
CONF1.VP_PWR_VS_SECSignals.Signal=PWR_VS_SECSignals
CONF1.VP_RTC_VS_RTC_Activate.Mode=RTC_Enabled
CONF1.VP_RTC_VS_RTC_Activate.Signal=RTC_VS_RTC_Activate
CONF1.VP_RTC_VS_RTC_Calendar.Mode=RTC_Calendar
CONF1.VP_RTC_VS_RTC_Calendar.Signal=RTC_VS_RTC_Calendar
CONF1.VP_SAI1_VP_$IpInstance_SAIA_SAI_BASIC.Mode=SAI_A_BASIC
CONF1.VP_SAI1_VP_$IpInstance_SAIA_SAI_BASIC.Signal=SAI1_VP_$IpInstance_SAIA_SAI_BASIC
CONF1.VP_SYS_VS_tim6.Mode=TIM6
CONF1.VP_SYS_VS_tim6.Signal=SYS_VS_tim6
CONF1.VP_THREADX_VS_RTOSJjThreadXJjCoreJjDefault.Mode=Core_Default
CONF1.VP_THREADX_VS_RTOSJjThreadXJjCoreJjDefault.Signal=THREADX_VS_RTOSJjThreadXJjCoreJjDefault
CONF1.VP_THREADX_VS_RTOSJjThreadXJjLow_Power_Support.Mode=Low_Power_Support
CONF1.VP_THREADX_VS_RTOSJjThreadXJjLow_Power_Support.Signal=THREADX_VS_RTOSJjThreadXJjLow_Power_Support
CONF1.VP_THREADX_VS_RTOSJjThreadXJjTraceX_SupportJjDefault.Mode=TraceX_Support_Default
CONF1.VP_THREADX_VS_RTOSJjThreadXJjTraceX_SupportJjDefault.Signal=THREADX_VS_RTOSJjThreadXJjTraceX_SupportJjDefault
CONF1.VP_USBX_Core_System.Mode=Core_System
CONF1.VP_USBX_Core_System.Signal=USBX_Core_System
CONF1.VP_USBX_UX\ Device\ CoreStack_FS.Mode=UX_Device_CoreStack_FS
CONF1.VP_USBX_UX\ Device\ CoreStack_FS.Signal=USBX_UX Device CoreStack_FS
CONF1.VP_USBX_UX\ Device\ MSC_FS.Mode=UX_Device_class_MSC_FS
CONF1.VP_USBX_UX\ Device\ MSC_FS.Signal=USBX_UX Device MSC_FS
CONF2.CORTEX_M33_NS.userName=CORTEX_M33
CONF2.ConfName=LpbamAp1
CONF2.GPIO.groupedBy=Group By Peripherals
CONF2.KeepUserPlacement=false
CONF2.MMTAppRegionsCount=0
CONF2.MMTConfigApplied=false
CONF2.Mcu.ContextProject=TrustZoneDisabled
CONF2.Mcu.Family=STM32U5
CONF2.Mcu.IP0=CORTEX_M33_NS
CONF2.Mcu.IP1=LPBAM
CONF2.Mcu.IP2=LPBAMQUEUE
CONF2.Mcu.IP3=LPTIM1
CONF2.Mcu.IP4=MEMORYMAP
CONF2.Mcu.IP5=NVIC
CONF2.Mcu.IP6=RCC
CONF2.Mcu.IP7=SPI3
CONF2.Mcu.IP8=SYS
CONF2.Mcu.IPNb=9
CONF2.Mcu.Name=STM32U575RITx
CONF2.Mcu.Package=LQFP64
CONF2.Mcu.Pin0=PA4
CONF2.Mcu.Pin1=PC10
CONF2.Mcu.Pin10=VP_MEMORYMAP_VS_MEMORYMAP
CONF2.Mcu.Pin2=PC12
CONF2.Mcu.Pin3=VP_LPBAMQUEUE_VS_QUEUE
CONF2.Mcu.Pin4=VP_LPTIM1_VS_LPTIM_counterModeInternalClock
CONF2.Mcu.Pin5=VP_LPTIM1_VS_LPTIM_LPBAM
CONF2.Mcu.Pin6=VP_SPI3_VS_SPI_LPBAM
CONF2.Mcu.Pin7=VP_SYS_VS_Systick
CONF2.Mcu.Pin8=VP_LPBAM_VS_SIG1
CONF2.Mcu.Pin9=VP_LPBAM_VS_SIG4
CONF2.Mcu.PinsNb=11
CONF2.Mcu.ThirdPartyNb=0
CONF2.Mcu.UserName=STM32U575RITx
CONF2.NVIC.ForceEnableDMAVector=true
CONF2.NVIC.PriorityGroup=NVIC_PRIORITYGROUP_4
CONF2.PA4.Mode=NSS_Signal_Hard_Output
CONF2.PA4.Signal=SPI3_NSS
CONF2.PC10.Mode=TX_Only_Simplex_Unidirect_Master
CONF2.PC10.Signal=SPI3_SCK
CONF2.PC12.Mode=TX_Only_Simplex_Unidirect_Master
CONF2.PC12.Signal=SPI3_MOSI
CONF2.RCC.ADCFreq_Value=16000000
CONF2.RCC.CRSFreq_Value=48000000
CONF2.RCC.DACFreq_Value=32000
CONF2.RCC.EPOD_VALUE=4000000
CONF2.RCC.FDCANFreq_Value=258000000
CONF2.RCC.FamilyName=M
CONF2.RCC.HSE_VALUE=16000000
CONF2.RCC.HSI48_VALUE=48000000
CONF2.RCC.HSI_VALUE=16000000
CONF2.RCC.I2C1Freq_Value=16000000
CONF2.RCC.I2C2Freq_Value=16000000
CONF2.RCC.I2C3Freq_Value=16000000
CONF2.RCC.I2C4Freq_Value=16000000
CONF2.RCC.IPParameters=ADCFreq_Value,CRSFreq_Value,DACFreq_Value,EPOD_VALUE,FDCANFreq_Value,FamilyName,HSE_VALUE,HSI48_VALUE,HSI_VALUE,I2C1Freq_Value,I2C2Freq_Value,I2C3Freq_Value,I2C4Freq_Value,LPTIM2Freq_Value,LPUART1Freq_Value,LSCOPinFreq_Value,LSE_VALUE,LSIDIV_VALUE,LSI_VALUE,MSI_VALUE,PLL2PoutputFreq_Value,PLL2QoutputFreq_Value,PLL2RoutputFreq_Value,PLL3PoutputFreq_Value,PLL3QoutputFreq_Value,PLL3RoutputFreq_Value,PLLPoutputFreq_Value,PLLQoutputFreq_Value,PLLRCLKFreq_Value,RNGFreq_Value,SAI1Freq_Value,SPI1Freq_Value,SPI2Freq_Value,SPI3CLockSelection,SPI3Freq_Value,UART4Freq_Value,UART5Freq_Value,USART1Freq_Value,USART2Freq_Value,USART3Freq_Value,USBFreq_Value,VCOInput2Freq_Value,VCOInput3Freq_Value,VCOInputFreq_Value,VCOOutputFreq_Value,VCOPLL2OutputFreq_Value,VCOPLL3OutputFreq_Value
CONF2.RCC.LPTIM2Freq_Value=16000000
CONF2.RCC.LPUART1Freq_Value=16000000
CONF2.RCC.LSCOPinFreq_Value=32000
CONF2.RCC.LSE_VALUE=32768
CONF2.RCC.LSIDIV_VALUE=32000
CONF2.RCC.LSI_VALUE=32000
CONF2.RCC.MSI_VALUE=4000000
CONF2.RCC.PLL2PoutputFreq_Value=258000000
CONF2.RCC.PLL2QoutputFreq_Value=258000000
CONF2.RCC.PLL2RoutputFreq_Value=258000000
CONF2.RCC.PLL3PoutputFreq_Value=258000000
CONF2.RCC.PLL3QoutputFreq_Value=258000000
CONF2.RCC.PLL3RoutputFreq_Value=258000000
CONF2.RCC.PLLPoutputFreq_Value=258000000
CONF2.RCC.PLLQoutputFreq_Value=258000000
CONF2.RCC.PLLRCLKFreq_Value=258000000
CONF2.RCC.RNGFreq_Value=16000000
CONF2.RCC.SAI1Freq_Value=16000000
CONF2.RCC.SPI1Freq_Value=16000000
CONF2.RCC.SPI2Freq_Value=16000000
CONF2.RCC.SPI3CLockSelection=RCC_SPI3CLKSOURCE_MSIK
CONF2.RCC.SPI3Freq_Value=4000000
CONF2.RCC.UART4Freq_Value=16000000
CONF2.RCC.UART5Freq_Value=16000000
CONF2.RCC.USART1Freq_Value=16000000
CONF2.RCC.USART2Freq_Value=16000000
CONF2.RCC.USART3Freq_Value=16000000
CONF2.RCC.USBFreq_Value=4000000
CONF2.RCC.VCOInput2Freq_Value=4000000
CONF2.RCC.VCOInput3Freq_Value=4000000
CONF2.RCC.VCOInputFreq_Value=4000000
CONF2.RCC.VCOOutputFreq_Value=516000000
CONF2.RCC.VCOPLL2OutputFreq_Value=516000000
CONF2.RCC.VCOPLL3OutputFreq_Value=516000000
CONF2.S1.Q1.F1.FuncUserName=Start_1
CONF2.S1.Q1.F1.FuncVirtualPinList=VP_LPBAMLPTIM1_VS_START
CONF2.S1.Q1.F1.IpInstanceName=LPBAMLPTIM1
CONF2.S1.Q1.F1.LPBAMLPTIM1.CircularNode_START=LPBAM_LPTIM_START_FULLQ_CONFIG_NODE
CONF2.S1.Q1.F1.LPBAMLPTIM1.IPParameters=NodeLevel_START,CircularNode_START,QUEUE_NAME
CONF2.S1.Q1.F1.LPBAMLPTIM1.NodeLevel_START=LPBAM_LPTIM_START_FULLQ_CONFIG_NODE
CONF2.S1.Q1.F1.LPBAMLPTIM1.QUEUE_NAME=Queue1_Q
CONF2.S1.Q1.F1.VP_LPBAMLPTIM1_VS_START.Mode=START
CONF2.S1.Q1.F1.VP_LPBAMLPTIM1_VS_START.Signal=LPBAMLPTIM1_VS_START
CONF2.S1.Q1.F2.FuncUserName=Transmit_1
CONF2.S1.Q1.F2.FuncVirtualPinList=VP_LPBAMSPI3_VS_TRANSMIT
CONF2.S1.Q1.F2.IpInstanceName=LPBAMSPI3
CONF2.S1.Q1.F2.LPBAMSPI3.IPParameters=NodeLevel_TRANSMIT,QUEUE_NAME
CONF2.S1.Q1.F2.LPBAMSPI3.NodeLevel_TRANSMIT=LPBAM_SPI_TX_FULLQ_CONFIG_NODE
CONF2.S1.Q1.F2.LPBAMSPI3.QUEUE_NAME=Queue1_Q
CONF2.S1.Q1.F2.VP_LPBAMSPI3_VS_TRANSMIT.Mode=TRANSMIT
CONF2.S1.Q1.F2.VP_LPBAMSPI3_VS_TRANSMIT.Signal=LPBAMSPI3_VS_TRANSMIT
CONF2.S1.Q1.F3.FuncUserName=Start_2
CONF2.S1.Q1.F3.FuncVirtualPinList=VP_LPBAMLPTIM1_VS_START
CONF2.S1.Q1.F3.IpInstanceName=LPBAMLPTIM1
CONF2.S1.Q1.F3.LPBAMLPTIM1.IPParameters=NodeLevel_START,QUEUE_NAME
CONF2.S1.Q1.F3.LPBAMLPTIM1.NodeLevel_START=LPBAM_LPTIM_START_FULLQ_CONFIG_NODE
CONF2.S1.Q1.F3.LPBAMLPTIM1.QUEUE_NAME=Queue1_Q
CONF2.S1.Q1.F3.VP_LPBAMLPTIM1_VS_START.Mode=START
CONF2.S1.Q1.F3.VP_LPBAMLPTIM1_VS_START.Signal=LPBAMLPTIM1_VS_START
CONF2.S1.Q1.F4.FuncUserName=Transmit_2
CONF2.S1.Q1.F4.FuncVirtualPinList=VP_LPBAMSPI3_VS_TRANSMIT
CONF2.S1.Q1.F4.IpInstanceName=LPBAMSPI3
CONF2.S1.Q1.F4.LPBAMSPI3.IPParameters=NodeLevel_TRANSMIT,QUEUE_NAME
CONF2.S1.Q1.F4.LPBAMSPI3.NodeLevel_TRANSMIT=LPBAM_SPI_TX_FULLQ_CONFIG_NODE
CONF2.S1.Q1.F4.LPBAMSPI3.QUEUE_NAME=Queue1_Q
CONF2.S1.Q1.F4.VP_LPBAMSPI3_VS_TRANSMIT.Mode=TRANSMIT
CONF2.S1.Q1.F4.VP_LPBAMSPI3_VS_TRANSMIT.Signal=LPBAMSPI3_VS_TRANSMIT
CONF2.S1.Q1.FuncCount=4
CONF2.S1.Q1.FuncLastActive=F4
CONF2.S1.Q1.IpInstanceName=LPBAMQUEUE
CONF2.S1.Q1.QueueCircularity=1
CONF2.S1.Q1.QueueUserName=Queue1
CONF2.S1.Q1.QueueVirtualPinList=VP_LPBAMQUEUE_VS_QUEUE
CONF2.S1.Q1.VP_LPBAMQUEUE_VS_QUEUE.Mode=QUEUEMODE
CONF2.S1.Q1.VP_LPBAMQUEUE_VS_QUEUE.Signal=LPBAMQUEUE_VS_QUEUE
CONF2.S1.QueueCount=1
CONF2.S1.QueueLastActive=Q1
CONF2.S1.ScenarioName=Scenario
CONF2.SPI3.CalculateBaudRate=2.0 MBits/s
CONF2.SPI3.Direction=SPI_DIRECTION_2LINES_TXONLY
CONF2.SPI3.IPParameters=VirtualType,Mode,Direction,CalculateBaudRate,VirtualNSS,NSSPMode,NSSPolarity
CONF2.SPI3.Mode=SPI_MODE_MASTER
CONF2.SPI3.NSSPMode=SPI_NSS_PULSE_DISABLE
CONF2.SPI3.NSSPolarity=SPI_NSS_POLARITY_HIGH
CONF2.SPI3.VirtualNSS=VM_NSSHARD
CONF2.SPI3.VirtualType=VM_MASTER
CONF2.ScenarioCount=1
CONF2.VP_LPBAM_VS_SIG1.Mode=SmartRun
CONF2.VP_LPBAM_VS_SIG1.Signal=LPBAM_VS_SIG1
CONF2.VP_LPBAM_VS_SIG4.Mode=LPDMA1
CONF2.VP_LPBAM_VS_SIG4.Signal=LPBAM_VS_SIG4
CONF2.VP_LPTIM1_VS_LPTIM_LPBAM.Mode=LPBAMSPECIFIC
CONF2.VP_LPTIM1_VS_LPTIM_LPBAM.Signal=LPTIM1_VS_LPTIM_LPBAM
CONF2.VP_LPTIM1_VS_LPTIM_counterModeInternalClock.Mode=Counts__internal_clock_event_00
CONF2.VP_LPTIM1_VS_LPTIM_counterModeInternalClock.Signal=LPTIM1_VS_LPTIM_counterModeInternalClock
CONF2.VP_MEMORYMAP_VS_MEMORYMAP.Mode=CurAppReg
CONF2.VP_MEMORYMAP_VS_MEMORYMAP.Signal=MEMORYMAP_VS_MEMORYMAP
CONF2.VP_SPI3_VS_SPI_LPBAM.Mode=LPBAMSPECIFIC
CONF2.VP_SPI3_VS_SPI_LPBAM.Signal=SPI3_VS_SPI_LPBAM
CONF2.VP_SYS_VS_Systick.Mode=SysTick
CONF2.VP_SYS_VS_Systick.Signal=SYS_VS_Systick
File.Version=6
KeepUserPlacement=false
Mcu.CPN=STM32U575RIT6
Mcu.ContextProject=TrustZoneDisabled
Mcu.Family=STM32U5
Mcu.Name=STM32U575RITx
Mcu.Package=LQFP64
Mcu.UserConstants=
Mcu.UserName=STM32U575RITx
MultiConf.Active=
MultiConf.NbConfig=2
MxCube.Version=6.12.1
MxDb.Version=DB.6.0.121
PinOutPanel.RotationAngle=0
ProjectManager.AskForMigrate=true
ProjectManager.BackupPrevious=false
ProjectManager.CompilerOptimize=6
ProjectManager.ComputerToolchain=false
ProjectManager.CoupleFile=false
ProjectManager.CustomerFirmwarePackage=
ProjectManager.DefaultFWLocation=true
ProjectManager.DeletePrevious=true
ProjectManager.DeviceId=STM32U575RITx
ProjectManager.FirmwarePackage=STM32Cube FW_U5 V1.6.0
ProjectManager.FreePins=true
ProjectManager.HalAssertFull=true
ProjectManager.HeapSize=0x200
ProjectManager.KeepUserCode=true
ProjectManager.LPBAM.generateCode=LpbamAp1\:true;S1.Q1>Queue1\=true;
ProjectManager.LastFirmware=true
ProjectManager.LibraryCopy=1
ProjectManager.MainLocation=Core/Src
ProjectManager.NoMain=false
ProjectManager.PreviousToolchain=
ProjectManager.ProjectBuild=false
ProjectManager.ProjectFileName=peepshow_hw6_fw0.ioc
ProjectManager.ProjectName=peepshow_hw6_fw0
ProjectManager.ProjectStructure=
ProjectManager.RegisterCallBack=LPTIM,SPI
ProjectManager.StackSize=0x400
ProjectManager.TargetToolchain=CMake
ProjectManager.ToolChainLocation=
ProjectManager.UAScriptAfterPath=
ProjectManager.UAScriptBeforePath=
ProjectManager.UnderRoot=false
ProjectManager.functionlistsort=1-SystemClock_Config-RCC-false-HAL-false,2-MX_GPIO_Init-GPIO-false-HAL-true,3-MX_GPDMA1_Init-GPDMA1-false-HAL-false,4-MX_LPDMA1_Init-LPDMA1-false-HAL-true,5-MX_I2C3_Init-I2C3-false-HAL-false,6-MX_LPUART1_UART_Init-LPUART1-false-HAL-false,7-MX_OCTOSPI1_Init-OCTOSPI1-false-HAL-false,8-MX_RTC_Init-RTC-false-HAL-false,9-MX_SAI1_Init-SAI1-false-HAL-false,10-MX_LPTIM1_Init-LPTIM1-false-HAL-false,11-MX_SPI3_Init-SPI3-false-HAL-false,12-MX_USB_OTG_FS_PCD_Init-USB_OTG_FS-false-HAL-false,13-MX_USBX_Init-USBX-false-HAL-false,14-MX_FileX_Init-FILEX-false-HAL-false,0-MX_CORTEX_M33_NS_Init-CORTEX_M33_NS-false-HAL-true,0-MX_PWR_Init-PWR-false-HAL-true
board=custom
